github.com/ElephantInTheRoom-Michael/HugoTheme-Base v0.0.0-20251101213716-c39a549645c8 h1:Eh8Hlstvm70E+e8ilt2vYuVO0XjmltgI7LS/HttWTDQ=
github.com/ElephantInTheRoom-Michael/HugoTheme-Base v0.0.0-20251101213716-c39a549645c8/go.mod h1:ppo9UER4Eswd5r02c1sEHssblREwgjZ17vmSyw/KX1Q=
github.com/ElephantInTheRoom-Michael/HugoTheme-Base v0.0.0-20251102023919-fd5ff61c7540 h1:GaB6Ry6FjCAYtE5Qfxv8TOfZdZ9VTRgxAh07xq89G0o=
github.com/ElephantInTheRoom-Michael/HugoTheme-Base v0.0.0-20251102023919-fd5ff61c7540/go.mod h1:ppo9UER4Eswd5r02c1sEHssblREwgjZ17vmSyw/KX1Q=
